<?xml version="1.0" encoding="utf-8"?>
<Project ToolsVersion="4.0" xmlns="http://schemas.microsoft.com/developer/msbuild/2003">
  <ItemGroup>
    <Filter Include="소스 파일">
      <UniqueIdentifier>{4FC737F1-C7A5-4376-A066-2A32D752A2FF}</UniqueIdentifier>
      <Extensions>cpp;c;cc;cxx;def;odl;idl;hpj;bat;asm;asmx</Extensions>
    </Filter>
    <Filter Include="헤더 파일">
      <UniqueIdentifier>{93995380-89BD-4b04-88EB-625FBE52EBFB}</UniqueIdentifier>
      <Extensions>h;hh;hpp;hxx;hm;inl;inc;xsd</Extensions>
    </Filter>
    <Filter Include="리소스 파일">
      <UniqueIdentifier>{67DA6AB6-F800-4c08-8B7A-83BB121AAD01}</UniqueIdentifier>
      <Extensions>rc;ico;cur;bmp;dlg;rc2;rct;bin;rgs;gif;jpg;jpeg;jpe;resx;tiff;tif;png;wav;mfcribbon-ms</Extensions>
    </Filter>
  </ItemGroup>
  <ItemGroup>
    <ClInclude Include="Auth.h">
      <Filter>헤더 파일</Filter>
    </ClInclude>
    <ClInclude Include="base32.h">
      <Filter>헤더 파일</Filter>
    </ClInclude>
    <ClInclude Include="CommandWindow.h">
      <Filter>헤더 파일</Filter>
    </ClInclude>
    <ClInclude Include="common.h">
      <Filter>헤더 파일</Filter>
    </ClInclude>
    <ClInclude Include="Dll.h">
      <Filter>헤더 파일</Filter>
    </ClInclude>
    <ClInclude Include="guid.h">
      <Filter>헤더 파일</Filter>
    </ClInclude>
    <ClInclude Include="helpers.h">
      <Filter>헤더 파일</Filter>
    </ClInclude>
    <ClInclude Include="HMAC_SHA1.h">
      <Filter>헤더 파일</Filter>
    </ClInclude>
    <ClInclude Include="MessageCredential.h">
      <Filter>헤더 파일</Filter>
    </ClInclude>
    <ClInclude Include="OtpCheck.h">
      <Filter>헤더 파일</Filter>
    </ClInclude>
    <ClInclude Include="RegCheck.h">
      <Filter>헤더 파일</Filter>
    </ClInclude>
    <ClInclude Include="resource.h">
      <Filter>헤더 파일</Filter>
    </ClInclude>
    <ClInclude Include="SHA1.h">
      <Filter>헤더 파일</Filter>
    </ClInclude>
    <ClInclude Include="SmartAuthCredential.h">
      <Filter>헤더 파일</Filter>
    </ClInclude>
    <ClInclude Include="SmartAuthProvider.h">
      <Filter>헤더 파일</Filter>
    </ClInclude>
    <ClInclude Include="SerialClass.h">
      <Filter>헤더 파일</Filter>
    </ClInclude>
    <ClInclude Include="mbr.h">
      <Filter>헤더 파일</Filter>
    </ClInclude>
  </ItemGroup>
  <ItemGroup>
    <ClCompile Include="Auth.cpp">
      <Filter>소스 파일</Filter>
    </ClCompile>
    <ClCompile Include="base32.cpp">
      <Filter>소스 파일</Filter>
    </ClCompile>
    <ClCompile Include="CommandWindow.cpp">
      <Filter>소스 파일</Filter>
    </ClCompile>
    <ClCompile Include="Dll.cpp">
      <Filter>소스 파일</Filter>
    </ClCompile>
    <ClCompile Include="guid.cpp">
      <Filter>소스 파일</Filter>
    </ClCompile>
    <ClCompile Include="helpers.cpp">
      <Filter>소스 파일</Filter>
    </ClCompile>
    <ClCompile Include="HMAC_SHA1.cpp">
      <Filter>소스 파일</Filter>
    </ClCompile>
    <ClCompile Include="MessageCredential.cpp">
      <Filter>소스 파일</Filter>
    </ClCompile>
    <ClCompile Include="OtpCheck.cpp">
      <Filter>소스 파일</Filter>
    </ClCompile>
    <ClCompile Include="RegCheck.cpp">
      <Filter>소스 파일</Filter>
    </ClCompile>
    <ClCompile Include="SHA1.cpp">
      <Filter>소스 파일</Filter>
    </ClCompile>
    <ClCompile Include="SmartAuthCredential.cpp">
      <Filter>소스 파일</Filter>
    </ClCompile>
    <ClCompile Include="SmartAuthProvider.cpp">
      <Filter>소스 파일</Filter>
    </ClCompile>
    <ClCompile Include="Serial.cpp">
      <Filter>소스 파일</Filter>
    </ClCompile>
    <ClCompile Include="mbr.c">
      <Filter>소스 파일</Filter>
    </ClCompile>
  </ItemGroup>
  <ItemGroup>
    <ResourceCompile Include="resources.rc">
      <Filter>리소스 파일</Filter>
    </ResourceCompile>
  </ItemGroup>
  <ItemGroup>
    <Image Include="tileimage.bmp">
      <Filter>리소스 파일</Filter>
    </Image>
  </ItemGroup>
  <ItemGroup>
    <None Include="SmartAuthCredentialProvider.def">
      <Filter>리소스 파일</Filter>
    </None>
  </ItemGroup>
</Project>